
Microsoft Visual Studio Solution File, Format Version 12.00
# Visual Studio Version 17
VisualStudioVersion = 17.5.33414.496
MinimumVisualStudioVersion = 10.0.40219.1
Project("{FAE04EC0-301F-11D3-BF4B-00C04F79EFBC}") = "MergeSort_Secvential", "MergeSort_Secvential\MergeSort_Secvential.csproj", "{FD748D94-7CB9-4B23-A88C-05B7014E450A}"
EndProject
Global
	GlobalSection(SolutionConfigurationPlatforms) = preSolution
		Debug|Any CPU = Debug|Any CPU
		Release|Any CPU = Release|Any CPU
	EndGlobalSection
	GlobalSection(ProjectConfigurationPlatforms) = postSolution
		{FD748D94-7CB9-4B23-A88C-05B7014E450A}.Debug|Any CPU.ActiveCfg = Debug|Any CPU
		{FD748D94-7CB9-4B23-A88C-05B7014E450A}.Debug|Any CPU.Build.0 = Debug|Any CPU
		{FD748D94-7CB9-4B23-A88C-05B7014E450A}.Release|Any CPU.ActiveCfg = Release|Any CPU
		{FD748D94-7CB9-4B23-A88C-05B7014E450A}.Release|Any CPU.Build.0 = Release|Any CPU
	EndGlobalSection
	GlobalSection(SolutionProperties) = preSolution
		HideSolutionNode = FALSE
	EndGlobalSection
	GlobalSection(ExtensibilityGlobals) = postSolution
		SolutionGuid = {DC0C407C-970F-413F-A669-712FDC1E8028}
	EndGlobalSection
EndGlobal
